{
  "name": "commontypes",
  "version": "1.0.0",
  "lockfileVersion": 2,
  "requires": true,
  "packages": {
    "": {
      "name": "commontypes",
      "version": "1.0.0",
      "license": "ISC",
      "dependencies": {
        "io-ts": "^2.2.18"
      },
      "devDependencies": {
        "prettier": "^2.7.1"
      }
    },
    "node_modules/fp-ts": {
      "version": "2.12.3",
      "resolved": "https://registry.npmjs.org/fp-ts/-/fp-ts-2.12.3.tgz",
      "integrity": "sha512-8m0XvW8kZbfnJOA4NvSVXu95mLbPf4LQGwQyqVukIYS4KzSNJiyKSmuZUmbVHteUi6MGkAJGPb0goPZqI+Tsqg==",
      "peer": true
    },
    "node_modules/io-ts": {
      "version": "2.2.18",
      "resolved": "https://registry.npmjs.org/io-ts/-/io-ts-2.2.18.tgz",
      "integrity": "sha512-3JxUUzRtPQPs5sOwB7pW0+Xb54nOzqA6M1sRB1hwgsRmkWMeGTjtOrCynGTJhIj+mBLUj2S37DAq2+BrPh9kTQ==",
      "peerDependencies": {
        "fp-ts": "^2.5.0"
      }
    },
    "node_modules/prettier": {
      "version": "2.7.1",
      "resolved": "https://registry.npmjs.org/prettier/-/prettier-2.7.1.tgz",
      "integrity": "sha512-ujppO+MkdPqoVINuDFDRLClm7D78qbDt0/NR+wp5FqEZOoTNAjPHWj17QRhu7geIHJfcNhRk1XVQmF8Bp3ye+g==",
      "dev": true,
      "bin": {
        "prettier": "bin-prettier.js"
      },
      "engines": {
        "node": ">=10.13.0"
      },
      "funding": {
        "url": "https://github.com/prettier/prettier?sponsor=1"
      }
    }
  },
  "dependencies": {
    "fp-ts": {
      "version": "2.12.3",
      "resolved": "https://registry.npmjs.org/fp-ts/-/fp-ts-2.12.3.tgz",
      "integrity": "sha512-8m0XvW8kZbfnJOA4NvSVXu95mLbPf4LQGwQyqVukIYS4KzSNJiyKSmuZUmbVHteUi6MGkAJGPb0goPZqI+Tsqg==",
      "peer": true
    },
    "io-ts": {
      "version": "2.2.18",
      "resolved": "https://registry.npmjs.org/io-ts/-/io-ts-2.2.18.tgz",
      "integrity": "sha512-3JxUUzRtPQPs5sOwB7pW0+Xb54nOzqA6M1sRB1hwgsRmkWMeGTjtOrCynGTJhIj+mBLUj2S37DAq2+BrPh9kTQ==",
      "requires": {}
    },
    "prettier": {
      "version": "2.7.1",
      "resolved": "https://registry.npmjs.org/prettier/-/prettier-2.7.1.tgz",
      "integrity": "sha512-ujppO+MkdPqoVINuDFDRLClm7D78qbDt0/NR+wp5FqEZOoTNAjPHWj17QRhu7geIHJfcNhRk1XVQmF8Bp3ye+g==",
      "dev": true
    }
  }
}
